
Microsoft Visual Studio Solution File, Format Version 12.00
# Visual Studio Version 17
VisualStudioVersion = 17.10.35013.160
MinimumVisualStudioVersion = 10.0.40219.1
Project("{FAE04EC0-301F-11D3-BF4B-00C04F79EFBC}") = "WinFormsGit", "WinFormsGit\WinFormsGit.csproj", "{19BD3368-7D71-43D2-852A-3E90415B02FB}"
EndProject
Global
	GlobalSection(SolutionConfigurationPlatforms) = preSolution
		Debug|Any CPU = Debug|Any CPU
		Release|Any CPU = Release|Any CPU
	EndGlobalSection
	GlobalSection(ProjectConfigurationPlatforms) = postSolution
		{19BD3368-7D71-43D2-852A-3E90415B02FB}.Debug|Any CPU.ActiveCfg = Debug|Any CPU
		{19BD3368-7D71-43D2-852A-3E90415B02FB}.Debug|Any CPU.Build.0 = Debug|Any CPU
		{19BD3368-7D71-43D2-852A-3E90415B02FB}.Release|Any CPU.ActiveCfg = Release|Any CPU
		{19BD3368-7D71-43D2-852A-3E90415B02FB}.Release|Any CPU.Build.0 = Release|Any CPU
	EndGlobalSection
	GlobalSection(SolutionProperties) = preSolution
		HideSolutionNode = FALSE
	EndGlobalSection
	GlobalSection(ExtensibilityGlobals) = postSolution
		SolutionGuid = {83B762B9-C6E1-465A-92C4-9B19248883FB}
	EndGlobalSection
EndGlobal
